
Microsoft Visual Studio Solution File, Format Version 12.00
Project("{FAE04EC0-301F-11D3-BF4B-00C04F79EFBC}") = "ProposalManagement.Domain", "ProposalManagement.Domain\ProposalManagement.Domain.csproj", "{E2C3E39B-5DAF-40AA-88CE-9C4EFB80DA39}"
EndProject
Project("{FAE04EC0-301F-11D3-BF4B-00C04F79EFBC}") = "ProposalManagement.Infrastructure", "ProposalManagement.Infrastructure\ProposalManagement.Infrastructure.csproj", "{D1371BC9-3A8B-4114-A4DF-DE21646B4F6A}"
EndProject
Project("{FAE04EC0-301F-11D3-BF4B-00C04F79EFBC}") = "ProposalManagement.Application", "ProposalManagement.Application\ProposalManagement.Application.csproj", "{70B3DFC3-8BA5-41EB-9D9F-EC11B7D891F8}"
EndProject
Project("{FAE04EC0-301F-11D3-BF4B-00C04F79EFBC}") = "ProposalManagement.WebApi", "ProposalManagement.WebApi\ProposalManagement.WebApi.csproj", "{C4D13121-EAD0-4DFA-B1B8-061811379B64}"
EndProject
Project("{2150E333-8FDC-42A3-9474-1A3956D46DE8}") = "001-Domain", "001-Domain", "{F416CDD3-B490-434F-B6C3-3FF623E97E3F}"
EndProject
Project("{FAE04EC0-301F-11D3-BF4B-00C04F79EFBC}") = "ProposalManagement.Application.Tests", "ProposalManagement.Application.Tests\ProposalManagement.Application.Tests.csproj", "{2DA39F4E-2700-4083-BF71-E0470BEDF70F}"
EndProject
Project("{2150E333-8FDC-42A3-9474-1A3956D46DE8}") = "004-Api", "004-Api", "{5A2FDE03-42BF-4D97-AA96-841510FAF6EA}"
EndProject
Project("{2150E333-8FDC-42A3-9474-1A3956D46DE8}") = "003-Application", "003-Application", "{E1204DF4-F024-4C19-B72B-2634476A4A33}"
EndProject
Project("{2150E333-8FDC-42A3-9474-1A3956D46DE8}") = "002-Infrastructure", "002-Infrastructure", "{8800843D-B8BE-43D1-94A5-280DB3B55EF9}"
EndProject
Global
	GlobalSection(SolutionConfigurationPlatforms) = preSolution
		Debug|Any CPU = Debug|Any CPU
		Release|Any CPU = Release|Any CPU
	EndGlobalSection
	GlobalSection(ProjectConfigurationPlatforms) = postSolution
		{E2C3E39B-5DAF-40AA-88CE-9C4EFB80DA39}.Debug|Any CPU.ActiveCfg = Debug|Any CPU
		{E2C3E39B-5DAF-40AA-88CE-9C4EFB80DA39}.Debug|Any CPU.Build.0 = Debug|Any CPU
		{E2C3E39B-5DAF-40AA-88CE-9C4EFB80DA39}.Release|Any CPU.ActiveCfg = Release|Any CPU
		{E2C3E39B-5DAF-40AA-88CE-9C4EFB80DA39}.Release|Any CPU.Build.0 = Release|Any CPU
		{D1371BC9-3A8B-4114-A4DF-DE21646B4F6A}.Debug|Any CPU.ActiveCfg = Debug|Any CPU
		{D1371BC9-3A8B-4114-A4DF-DE21646B4F6A}.Debug|Any CPU.Build.0 = Debug|Any CPU
		{D1371BC9-3A8B-4114-A4DF-DE21646B4F6A}.Release|Any CPU.ActiveCfg = Release|Any CPU
		{D1371BC9-3A8B-4114-A4DF-DE21646B4F6A}.Release|Any CPU.Build.0 = Release|Any CPU
		{70B3DFC3-8BA5-41EB-9D9F-EC11B7D891F8}.Debug|Any CPU.ActiveCfg = Debug|Any CPU
		{70B3DFC3-8BA5-41EB-9D9F-EC11B7D891F8}.Debug|Any CPU.Build.0 = Debug|Any CPU
		{70B3DFC3-8BA5-41EB-9D9F-EC11B7D891F8}.Release|Any CPU.ActiveCfg = Release|Any CPU
		{70B3DFC3-8BA5-41EB-9D9F-EC11B7D891F8}.Release|Any CPU.Build.0 = Release|Any CPU
		{C4D13121-EAD0-4DFA-B1B8-061811379B64}.Debug|Any CPU.ActiveCfg = Debug|Any CPU
		{C4D13121-EAD0-4DFA-B1B8-061811379B64}.Debug|Any CPU.Build.0 = Debug|Any CPU
		{C4D13121-EAD0-4DFA-B1B8-061811379B64}.Release|Any CPU.ActiveCfg = Release|Any CPU
		{C4D13121-EAD0-4DFA-B1B8-061811379B64}.Release|Any CPU.Build.0 = Release|Any CPU
		{2DA39F4E-2700-4083-BF71-E0470BEDF70F}.Debug|Any CPU.ActiveCfg = Debug|Any CPU
		{2DA39F4E-2700-4083-BF71-E0470BEDF70F}.Debug|Any CPU.Build.0 = Debug|Any CPU
		{2DA39F4E-2700-4083-BF71-E0470BEDF70F}.Release|Any CPU.ActiveCfg = Release|Any CPU
		{2DA39F4E-2700-4083-BF71-E0470BEDF70F}.Release|Any CPU.Build.0 = Release|Any CPU
	EndGlobalSection
	GlobalSection(NestedProjects) = preSolution
		{E2C3E39B-5DAF-40AA-88CE-9C4EFB80DA39} = {F416CDD3-B490-434F-B6C3-3FF623E97E3F}
		{C4D13121-EAD0-4DFA-B1B8-061811379B64} = {5A2FDE03-42BF-4D97-AA96-841510FAF6EA}
		{70B3DFC3-8BA5-41EB-9D9F-EC11B7D891F8} = {E1204DF4-F024-4C19-B72B-2634476A4A33}
		{2DA39F4E-2700-4083-BF71-E0470BEDF70F} = {E1204DF4-F024-4C19-B72B-2634476A4A33}
		{D1371BC9-3A8B-4114-A4DF-DE21646B4F6A} = {8800843D-B8BE-43D1-94A5-280DB3B55EF9}
	EndGlobalSection
EndGlobal
